
Microsoft Visual Studio Solution File, Format Version 12.00
# Visual Studio Version 17
VisualStudioVersion = 17.14.36616.10 d17.14
MinimumVisualStudioVersion = 10.0.40219.1
Project("{FAE04EC0-301F-11D3-BF4B-00C04F79EFBC}") = "HardwareInventory(main)", "HardwareInventory(main)\HardwareInventory(main).csproj", "{D36E291B-5D43-4A61-83FB-B087DA1EB447}"
EndProject
Global
	GlobalSection(SolutionConfigurationPlatforms) = preSolution
		Debug|Any CPU = Debug|Any CPU
		Release|Any CPU = Release|Any CPU
	EndGlobalSection
	GlobalSection(ProjectConfigurationPlatforms) = postSolution
		{D36E291B-5D43-4A61-83FB-B087DA1EB447}.Debug|Any CPU.ActiveCfg = Debug|Any CPU
		{D36E291B-5D43-4A61-83FB-B087DA1EB447}.Debug|Any CPU.Build.0 = Debug|Any CPU
		{D36E291B-5D43-4A61-83FB-B087DA1EB447}.Release|Any CPU.ActiveCfg = Release|Any CPU
		{D36E291B-5D43-4A61-83FB-B087DA1EB447}.Release|Any CPU.Build.0 = Release|Any CPU
	EndGlobalSection
	GlobalSection(SolutionProperties) = preSolution
		HideSolutionNode = FALSE
	EndGlobalSection
	GlobalSection(ExtensibilityGlobals) = postSolution
		SolutionGuid = {B133F16A-77E0-4FDB-9CD9-443DB573A528}
	EndGlobalSection
EndGlobal
